
Microsoft Visual Studio Solution File, Format Version 11.00
# Visual Studio 2010
Project("{8BC9CEB8-8B4A-11D0-8D11-00A0C91BC942}") = "Kontral", "Kontral\Kontral.vcxproj", "{5520ACEA-2756-4F9E-948B-4D792789C63D}"
EndProject
Project("{FAE04EC0-301F-11D3-BF4B-00C04F79EFBC}") = "Analytick", "Analytical\Analytick.csproj", "{80C0A3C6-CAB6-4A79-9C35-9AED232E73D4}"
EndProject
Project("{FAE04EC0-301F-11D3-BF4B-00C04F79EFBC}") = "Autodesk", "Autodesk\Autodesk.csproj", "{B2A318BD-CE60-4634-AE60-171BF8902972}"
EndProject
Project("{FAE04EC0-301F-11D3-BF4B-00C04F79EFBC}") = "Rastera", "Rastera\Rastera.csproj", "{3A32D69D-0F10-4C9A-94C9-39ABBA9FBE98}"
EndProject
Global
	GlobalSection(SolutionConfigurationPlatforms) = preSolution
		Debug|Any CPU = Debug|Any CPU
		Debug|Mixed Platforms = Debug|Mixed Platforms
		Debug|Win32 = Debug|Win32
		Release|Any CPU = Release|Any CPU
		Release|Mixed Platforms = Release|Mixed Platforms
		Release|Win32 = Release|Win32
	EndGlobalSection
	GlobalSection(ProjectConfigurationPlatforms) = postSolution
		{5520ACEA-2756-4F9E-948B-4D792789C63D}.Debug|Any CPU.ActiveCfg = Debug|Win32
		{5520ACEA-2756-4F9E-948B-4D792789C63D}.Debug|Mixed Platforms.ActiveCfg = Debug|Win32
		{5520ACEA-2756-4F9E-948B-4D792789C63D}.Debug|Win32.ActiveCfg = Debug|Win32
		{5520ACEA-2756-4F9E-948B-4D792789C63D}.Debug|Win32.Build.0 = Debug|Win32
		{5520ACEA-2756-4F9E-948B-4D792789C63D}.Release|Any CPU.ActiveCfg = Release|Win32
		{5520ACEA-2756-4F9E-948B-4D792789C63D}.Release|Mixed Platforms.ActiveCfg = Release|Win32
		{5520ACEA-2756-4F9E-948B-4D792789C63D}.Release|Mixed Platforms.Build.0 = Release|Win32
		{5520ACEA-2756-4F9E-948B-4D792789C63D}.Release|Win32.ActiveCfg = Release|Win32
		{5520ACEA-2756-4F9E-948B-4D792789C63D}.Release|Win32.Build.0 = Release|Win32
		{80C0A3C6-CAB6-4A79-9C35-9AED232E73D4}.Debug|Any CPU.ActiveCfg = Debug|Any CPU
		{80C0A3C6-CAB6-4A79-9C35-9AED232E73D4}.Debug|Any CPU.Build.0 = Debug|Any CPU
		{80C0A3C6-CAB6-4A79-9C35-9AED232E73D4}.Debug|Mixed Platforms.ActiveCfg = Debug|Any CPU
		{80C0A3C6-CAB6-4A79-9C35-9AED232E73D4}.Debug|Win32.ActiveCfg = Debug|Any CPU
		{80C0A3C6-CAB6-4A79-9C35-9AED232E73D4}.Release|Any CPU.ActiveCfg = Release|Any CPU
		{80C0A3C6-CAB6-4A79-9C35-9AED232E73D4}.Release|Any CPU.Build.0 = Release|Any CPU
		{80C0A3C6-CAB6-4A79-9C35-9AED232E73D4}.Release|Mixed Platforms.ActiveCfg = Release|Any CPU
		{80C0A3C6-CAB6-4A79-9C35-9AED232E73D4}.Release|Mixed Platforms.Build.0 = Release|Any CPU
		{80C0A3C6-CAB6-4A79-9C35-9AED232E73D4}.Release|Win32.ActiveCfg = Release|Any CPU
		{B2A318BD-CE60-4634-AE60-171BF8902972}.Debug|Any CPU.ActiveCfg = Debug|Any CPU
		{B2A318BD-CE60-4634-AE60-171BF8902972}.Debug|Any CPU.Build.0 = Debug|Any CPU
		{B2A318BD-CE60-4634-AE60-171BF8902972}.Debug|Mixed Platforms.ActiveCfg = Debug|Any CPU
		{B2A318BD-CE60-4634-AE60-171BF8902972}.Debug|Mixed Platforms.Build.0 = Debug|Any CPU
		{B2A318BD-CE60-4634-AE60-171BF8902972}.Debug|Win32.ActiveCfg = Debug|Any CPU
		{B2A318BD-CE60-4634-AE60-171BF8902972}.Release|Any CPU.ActiveCfg = Release|Any CPU
		{B2A318BD-CE60-4634-AE60-171BF8902972}.Release|Any CPU.Build.0 = Release|Any CPU
		{B2A318BD-CE60-4634-AE60-171BF8902972}.Release|Mixed Platforms.ActiveCfg = Release|Any CPU
		{B2A318BD-CE60-4634-AE60-171BF8902972}.Release|Mixed Platforms.Build.0 = Release|Any CPU
		{B2A318BD-CE60-4634-AE60-171BF8902972}.Release|Win32.ActiveCfg = Release|Any CPU
		{3A32D69D-0F10-4C9A-94C9-39ABBA9FBE98}.Debug|Any CPU.ActiveCfg = Debug|Any CPU
		{3A32D69D-0F10-4C9A-94C9-39ABBA9FBE98}.Debug|Any CPU.Build.0 = Debug|Any CPU
		{3A32D69D-0F10-4C9A-94C9-39ABBA9FBE98}.Debug|Mixed Platforms.ActiveCfg = Debug|Any CPU
		{3A32D69D-0F10-4C9A-94C9-39ABBA9FBE98}.Debug|Win32.ActiveCfg = Debug|Any CPU
		{3A32D69D-0F10-4C9A-94C9-39ABBA9FBE98}.Release|Any CPU.ActiveCfg = Release|Any CPU
		{3A32D69D-0F10-4C9A-94C9-39ABBA9FBE98}.Release|Any CPU.Build.0 = Release|Any CPU
		{3A32D69D-0F10-4C9A-94C9-39ABBA9FBE98}.Release|Mixed Platforms.ActiveCfg = Release|Any CPU
		{3A32D69D-0F10-4C9A-94C9-39ABBA9FBE98}.Release|Mixed Platforms.Build.0 = Release|Any CPU
		{3A32D69D-0F10-4C9A-94C9-39ABBA9FBE98}.Release|Win32.ActiveCfg = Release|Any CPU
	EndGlobalSection
	GlobalSection(SolutionProperties) = preSolution
		HideSolutionNode = FALSE
	EndGlobalSection
EndGlobal
