
Microsoft Visual Studio Solution File, Format Version 12.00
# Visual Studio 15
VisualStudioVersion = 15.0.28307.1145
MinimumVisualStudioVersion = 10.0.40219.1
Project("{8BC9CEB8-8B4A-11D0-8D11-00A0C91BC942}") = "EverSource", "EverSource\EverSource.vcxproj", "{56D7E153-4472-4F73-B1EB-67B705AC68B2}"
EndProject
Project("{FAE04EC0-301F-11D3-BF4B-00C04F79EFBC}") = "Beautiful", "Beautiful\Beautiful.csproj", "{7FA30BE4-4736-4F8F-8B9C-D88F6B18FED1}"
EndProject
Project("{FAE04EC0-301F-11D3-BF4B-00C04F79EFBC}") = "AngelLayout", "AngelLayout\AngelLayout.csproj", "{41310716-59EA-485D-8F1C-69A1B047FD37}"
EndProject
Project("{FAE04EC0-301F-11D3-BF4B-00C04F79EFBC}") = "Business", "Business\Business.csproj", "{C9640C0B-0A11-4670-9032-A747027D1272}"
EndProject
Project("{FAE04EC0-301F-11D3-BF4B-00C04F79EFBC}") = "PoweredSource", "PoweredSource\PoweredSource.csproj", "{E3652254-0EE4-4754-832D-532724423E90}"
EndProject
Project("{FAE04EC0-301F-11D3-BF4B-00C04F79EFBC}") = "UnitTest", "UnitTest\UnitTest.csproj", "{0CC61EF1-B334-431E-9312-697FF6A156D5}"
EndProject
Project("{FAE04EC0-301F-11D3-BF4B-00C04F79EFBC}") = "ѤansaiUtils", "CansaiUtils\ѤansaiUtils.csproj", "{121F81F8-B7E5-4B1A-AC94-88F77DDB353A}"
EndProject
Project("{E24C65DC-7377-472B-9ABA-BC803B73C61A}") = "Rastera", "Rastera\", "{ADBD8999-D357-483B-9777-BC0A77E1798C}"
	ProjectSection(WebsiteProperties) = preProject
		TargetFrameworkMoniker = ".NETFramework,Version%3Dv4.0"
		Debug.AspNetCompiler.VirtualPath = "/localhost_53441"
		Debug.AspNetCompiler.PhysicalPath = "Rastera\"
		Debug.AspNetCompiler.TargetPath = "PrecompiledWeb\localhost_53441\"
		Debug.AspNetCompiler.Updateable = "true"
		Debug.AspNetCompiler.ForceOverwrite = "true"
		Debug.AspNetCompiler.FixedNames = "false"
		Debug.AspNetCompiler.Debug = "True"
		Release.AspNetCompiler.VirtualPath = "/localhost_53441"
		Release.AspNetCompiler.PhysicalPath = "Rastera\"
		Release.AspNetCompiler.TargetPath = "PrecompiledWeb\localhost_53441\"
		Release.AspNetCompiler.Updateable = "true"
		Release.AspNetCompiler.ForceOverwrite = "true"
		Release.AspNetCompiler.FixedNames = "false"
		Release.AspNetCompiler.Debug = "False"
		VWDPort = "53441"
		SlnRelativePath = "Rastera\"
	EndProjectSection
EndProject
Project("{FAE04EC0-301F-11D3-BF4B-00C04F79EFBC}") = "AngelNetwork", "AngelNetwork\AngelNetwork.csproj", "{E6E0884A-5F6D-4074-89B3-3BA10D602DA6}"
EndProject
Global
	GlobalSection(SolutionConfigurationPlatforms) = preSolution
		Debug|Any CPU = Debug|Any CPU
		Debug|ARM = Debug|ARM
		Debug|ARM64 = Debug|ARM64
		Debug|x64 = Debug|x64
		Debug|x86 = Debug|x86
		Release|Any CPU = Release|Any CPU
		Release|ARM = Release|ARM
		Release|ARM64 = Release|ARM64
		Release|x64 = Release|x64
		Release|x86 = Release|x86
	EndGlobalSection
	GlobalSection(ProjectConfigurationPlatforms) = postSolution
		{56D7E153-4472-4F73-B1EB-67B705AC68B2}.Debug|Any CPU.ActiveCfg = Debug|Win32
		{56D7E153-4472-4F73-B1EB-67B705AC68B2}.Debug|ARM.ActiveCfg = Debug|Win32
		{56D7E153-4472-4F73-B1EB-67B705AC68B2}.Debug|ARM64.ActiveCfg = Debug|Win32
		{56D7E153-4472-4F73-B1EB-67B705AC68B2}.Debug|x64.ActiveCfg = Debug|x64
		{56D7E153-4472-4F73-B1EB-67B705AC68B2}.Debug|x64.Build.0 = Debug|x64
		{56D7E153-4472-4F73-B1EB-67B705AC68B2}.Debug|x86.ActiveCfg = Debug|Win32
		{56D7E153-4472-4F73-B1EB-67B705AC68B2}.Debug|x86.Build.0 = Debug|Win32
		{56D7E153-4472-4F73-B1EB-67B705AC68B2}.Release|Any CPU.ActiveCfg = Release|Win32
		{56D7E153-4472-4F73-B1EB-67B705AC68B2}.Release|ARM.ActiveCfg = Release|Win32
		{56D7E153-4472-4F73-B1EB-67B705AC68B2}.Release|ARM64.ActiveCfg = Release|Win32
		{56D7E153-4472-4F73-B1EB-67B705AC68B2}.Release|x64.ActiveCfg = Release|x64
		{56D7E153-4472-4F73-B1EB-67B705AC68B2}.Release|x64.Build.0 = Release|x64
		{56D7E153-4472-4F73-B1EB-67B705AC68B2}.Release|x86.ActiveCfg = Release|Win32
		{56D7E153-4472-4F73-B1EB-67B705AC68B2}.Release|x86.Build.0 = Release|Win32
		{7FA30BE4-4736-4F8F-8B9C-D88F6B18FED1}.Debug|Any CPU.ActiveCfg = Debug|Any CPU
		{7FA30BE4-4736-4F8F-8B9C-D88F6B18FED1}.Debug|Any CPU.Build.0 = Debug|Any CPU
		{7FA30BE4-4736-4F8F-8B9C-D88F6B18FED1}.Debug|ARM.ActiveCfg = Debug|Any CPU
		{7FA30BE4-4736-4F8F-8B9C-D88F6B18FED1}.Debug|ARM.Build.0 = Debug|Any CPU
		{7FA30BE4-4736-4F8F-8B9C-D88F6B18FED1}.Debug|ARM64.ActiveCfg = Debug|Any CPU
		{7FA30BE4-4736-4F8F-8B9C-D88F6B18FED1}.Debug|ARM64.Build.0 = Debug|Any CPU
		{7FA30BE4-4736-4F8F-8B9C-D88F6B18FED1}.Debug|x64.ActiveCfg = Debug|Any CPU
		{7FA30BE4-4736-4F8F-8B9C-D88F6B18FED1}.Debug|x64.Build.0 = Debug|Any CPU
		{7FA30BE4-4736-4F8F-8B9C-D88F6B18FED1}.Debug|x86.ActiveCfg = Debug|Any CPU
		{7FA30BE4-4736-4F8F-8B9C-D88F6B18FED1}.Debug|x86.Build.0 = Debug|Any CPU
		{7FA30BE4-4736-4F8F-8B9C-D88F6B18FED1}.Release|Any CPU.ActiveCfg = Release|Any CPU
		{7FA30BE4-4736-4F8F-8B9C-D88F6B18FED1}.Release|Any CPU.Build.0 = Release|Any CPU
		{7FA30BE4-4736-4F8F-8B9C-D88F6B18FED1}.Release|ARM.ActiveCfg = Release|Any CPU
		{7FA30BE4-4736-4F8F-8B9C-D88F6B18FED1}.Release|ARM.Build.0 = Release|Any CPU
		{7FA30BE4-4736-4F8F-8B9C-D88F6B18FED1}.Release|ARM64.ActiveCfg = Release|Any CPU
		{7FA30BE4-4736-4F8F-8B9C-D88F6B18FED1}.Release|ARM64.Build.0 = Release|Any CPU
		{7FA30BE4-4736-4F8F-8B9C-D88F6B18FED1}.Release|x64.ActiveCfg = Release|Any CPU
		{7FA30BE4-4736-4F8F-8B9C-D88F6B18FED1}.Release|x64.Build.0 = Release|Any CPU
		{7FA30BE4-4736-4F8F-8B9C-D88F6B18FED1}.Release|x86.ActiveCfg = Release|Any CPU
		{7FA30BE4-4736-4F8F-8B9C-D88F6B18FED1}.Release|x86.Build.0 = Release|Any CPU
		{41310716-59EA-485D-8F1C-69A1B047FD37}.Debug|Any CPU.ActiveCfg = Debug|Any CPU
		{41310716-59EA-485D-8F1C-69A1B047FD37}.Debug|Any CPU.Build.0 = Debug|Any CPU
		{41310716-59EA-485D-8F1C-69A1B047FD37}.Debug|ARM.ActiveCfg = Debug|Any CPU
		{41310716-59EA-485D-8F1C-69A1B047FD37}.Debug|ARM.Build.0 = Debug|Any CPU
		{41310716-59EA-485D-8F1C-69A1B047FD37}.Debug|ARM64.ActiveCfg = Debug|Any CPU
		{41310716-59EA-485D-8F1C-69A1B047FD37}.Debug|ARM64.Build.0 = Debug|Any CPU
		{41310716-59EA-485D-8F1C-69A1B047FD37}.Debug|x64.ActiveCfg = Debug|Any CPU
		{41310716-59EA-485D-8F1C-69A1B047FD37}.Debug|x64.Build.0 = Debug|Any CPU
		{41310716-59EA-485D-8F1C-69A1B047FD37}.Debug|x86.ActiveCfg = Debug|Any CPU
		{41310716-59EA-485D-8F1C-69A1B047FD37}.Debug|x86.Build.0 = Debug|Any CPU
		{41310716-59EA-485D-8F1C-69A1B047FD37}.Release|Any CPU.ActiveCfg = Release|Any CPU
		{41310716-59EA-485D-8F1C-69A1B047FD37}.Release|Any CPU.Build.0 = Release|Any CPU
		{41310716-59EA-485D-8F1C-69A1B047FD37}.Release|ARM.ActiveCfg = Release|Any CPU
		{41310716-59EA-485D-8F1C-69A1B047FD37}.Release|ARM.Build.0 = Release|Any CPU
		{41310716-59EA-485D-8F1C-69A1B047FD37}.Release|ARM64.ActiveCfg = Release|Any CPU
		{41310716-59EA-485D-8F1C-69A1B047FD37}.Release|ARM64.Build.0 = Release|Any CPU
		{41310716-59EA-485D-8F1C-69A1B047FD37}.Release|x64.ActiveCfg = Release|Any CPU
		{41310716-59EA-485D-8F1C-69A1B047FD37}.Release|x64.Build.0 = Release|Any CPU
		{41310716-59EA-485D-8F1C-69A1B047FD37}.Release|x86.ActiveCfg = Release|Any CPU
		{41310716-59EA-485D-8F1C-69A1B047FD37}.Release|x86.Build.0 = Release|Any CPU
		{C9640C0B-0A11-4670-9032-A747027D1272}.Debug|Any CPU.ActiveCfg = Debug|Any CPU
		{C9640C0B-0A11-4670-9032-A747027D1272}.Debug|Any CPU.Build.0 = Debug|Any CPU
		{C9640C0B-0A11-4670-9032-A747027D1272}.Debug|ARM.ActiveCfg = Debug|Any CPU
		{C9640C0B-0A11-4670-9032-A747027D1272}.Debug|ARM.Build.0 = Debug|Any CPU
		{C9640C0B-0A11-4670-9032-A747027D1272}.Debug|ARM64.ActiveCfg = Debug|Any CPU
		{C9640C0B-0A11-4670-9032-A747027D1272}.Debug|ARM64.Build.0 = Debug|Any CPU
		{C9640C0B-0A11-4670-9032-A747027D1272}.Debug|x64.ActiveCfg = Debug|Any CPU
		{C9640C0B-0A11-4670-9032-A747027D1272}.Debug|x64.Build.0 = Debug|Any CPU
		{C9640C0B-0A11-4670-9032-A747027D1272}.Debug|x86.ActiveCfg = Debug|Any CPU
		{C9640C0B-0A11-4670-9032-A747027D1272}.Debug|x86.Build.0 = Debug|Any CPU
		{C9640C0B-0A11-4670-9032-A747027D1272}.Release|Any CPU.ActiveCfg = Release|Any CPU
		{C9640C0B-0A11-4670-9032-A747027D1272}.Release|Any CPU.Build.0 = Release|Any CPU
		{C9640C0B-0A11-4670-9032-A747027D1272}.Release|ARM.ActiveCfg = Release|Any CPU
		{C9640C0B-0A11-4670-9032-A747027D1272}.Release|ARM.Build.0 = Release|Any CPU
		{C9640C0B-0A11-4670-9032-A747027D1272}.Release|ARM64.ActiveCfg = Release|Any CPU
		{C9640C0B-0A11-4670-9032-A747027D1272}.Release|ARM64.Build.0 = Release|Any CPU
		{C9640C0B-0A11-4670-9032-A747027D1272}.Release|x64.ActiveCfg = Release|Any CPU
		{C9640C0B-0A11-4670-9032-A747027D1272}.Release|x64.Build.0 = Release|Any CPU
		{C9640C0B-0A11-4670-9032-A747027D1272}.Release|x86.ActiveCfg = Release|Any CPU
		{C9640C0B-0A11-4670-9032-A747027D1272}.Release|x86.Build.0 = Release|Any CPU
		{E3652254-0EE4-4754-832D-532724423E90}.Debug|Any CPU.ActiveCfg = Debug|Any CPU
		{E3652254-0EE4-4754-832D-532724423E90}.Debug|Any CPU.Build.0 = Debug|Any CPU
		{E3652254-0EE4-4754-832D-532724423E90}.Debug|ARM.ActiveCfg = Debug|Any CPU
		{E3652254-0EE4-4754-832D-532724423E90}.Debug|ARM.Build.0 = Debug|Any CPU
		{E3652254-0EE4-4754-832D-532724423E90}.Debug|ARM64.ActiveCfg = Debug|Any CPU
		{E3652254-0EE4-4754-832D-532724423E90}.Debug|ARM64.Build.0 = Debug|Any CPU
		{E3652254-0EE4-4754-832D-532724423E90}.Debug|x64.ActiveCfg = Debug|Any CPU
		{E3652254-0EE4-4754-832D-532724423E90}.Debug|x64.Build.0 = Debug|Any CPU
		{E3652254-0EE4-4754-832D-532724423E90}.Debug|x86.ActiveCfg = Debug|Any CPU
		{E3652254-0EE4-4754-832D-532724423E90}.Debug|x86.Build.0 = Debug|Any CPU
		{E3652254-0EE4-4754-832D-532724423E90}.Release|Any CPU.ActiveCfg = Release|Any CPU
		{E3652254-0EE4-4754-832D-532724423E90}.Release|Any CPU.Build.0 = Release|Any CPU
		{E3652254-0EE4-4754-832D-532724423E90}.Release|ARM.ActiveCfg = Release|Any CPU
		{E3652254-0EE4-4754-832D-532724423E90}.Release|ARM.Build.0 = Release|Any CPU
		{E3652254-0EE4-4754-832D-532724423E90}.Release|ARM64.ActiveCfg = Release|Any CPU
		{E3652254-0EE4-4754-832D-532724423E90}.Release|ARM64.Build.0 = Release|Any CPU
		{E3652254-0EE4-4754-832D-532724423E90}.Release|x64.ActiveCfg = Release|Any CPU
		{E3652254-0EE4-4754-832D-532724423E90}.Release|x64.Build.0 = Release|Any CPU
		{E3652254-0EE4-4754-832D-532724423E90}.Release|x86.ActiveCfg = Release|Any CPU
		{E3652254-0EE4-4754-832D-532724423E90}.Release|x86.Build.0 = Release|Any CPU
		{0CC61EF1-B334-431E-9312-697FF6A156D5}.Debug|Any CPU.ActiveCfg = Debug|Any CPU
		{0CC61EF1-B334-431E-9312-697FF6A156D5}.Debug|Any CPU.Build.0 = Debug|Any CPU
		{0CC61EF1-B334-431E-9312-697FF6A156D5}.Debug|ARM.ActiveCfg = Debug|Any CPU
		{0CC61EF1-B334-431E-9312-697FF6A156D5}.Debug|ARM.Build.0 = Debug|Any CPU
		{0CC61EF1-B334-431E-9312-697FF6A156D5}.Debug|ARM64.ActiveCfg = Debug|Any CPU
		{0CC61EF1-B334-431E-9312-697FF6A156D5}.Debug|ARM64.Build.0 = Debug|Any CPU
		{0CC61EF1-B334-431E-9312-697FF6A156D5}.Debug|x64.ActiveCfg = Debug|Any CPU
		{0CC61EF1-B334-431E-9312-697FF6A156D5}.Debug|x64.Build.0 = Debug|Any CPU
		{0CC61EF1-B334-431E-9312-697FF6A156D5}.Debug|x86.ActiveCfg = Debug|Any CPU
		{0CC61EF1-B334-431E-9312-697FF6A156D5}.Debug|x86.Build.0 = Debug|Any CPU
		{0CC61EF1-B334-431E-9312-697FF6A156D5}.Release|Any CPU.ActiveCfg = Release|Any CPU
		{0CC61EF1-B334-431E-9312-697FF6A156D5}.Release|Any CPU.Build.0 = Release|Any CPU
		{0CC61EF1-B334-431E-9312-697FF6A156D5}.Release|ARM.ActiveCfg = Release|Any CPU
		{0CC61EF1-B334-431E-9312-697FF6A156D5}.Release|ARM.Build.0 = Release|Any CPU
		{0CC61EF1-B334-431E-9312-697FF6A156D5}.Release|ARM64.ActiveCfg = Release|Any CPU
		{0CC61EF1-B334-431E-9312-697FF6A156D5}.Release|ARM64.Build.0 = Release|Any CPU
		{0CC61EF1-B334-431E-9312-697FF6A156D5}.Release|x64.ActiveCfg = Release|Any CPU
		{0CC61EF1-B334-431E-9312-697FF6A156D5}.Release|x64.Build.0 = Release|Any CPU
		{0CC61EF1-B334-431E-9312-697FF6A156D5}.Release|x86.ActiveCfg = Release|Any CPU
		{0CC61EF1-B334-431E-9312-697FF6A156D5}.Release|x86.Build.0 = Release|Any CPU
		{121F81F8-B7E5-4B1A-AC94-88F77DDB353A}.Debug|Any CPU.ActiveCfg = Debug|Any CPU
		{121F81F8-B7E5-4B1A-AC94-88F77DDB353A}.Debug|Any CPU.Build.0 = Debug|Any CPU
		{121F81F8-B7E5-4B1A-AC94-88F77DDB353A}.Debug|ARM.ActiveCfg = Debug|Any CPU
		{121F81F8-B7E5-4B1A-AC94-88F77DDB353A}.Debug|ARM.Build.0 = Debug|Any CPU
		{121F81F8-B7E5-4B1A-AC94-88F77DDB353A}.Debug|ARM64.ActiveCfg = Debug|Any CPU
		{121F81F8-B7E5-4B1A-AC94-88F77DDB353A}.Debug|ARM64.Build.0 = Debug|Any CPU
		{121F81F8-B7E5-4B1A-AC94-88F77DDB353A}.Debug|x64.ActiveCfg = Debug|Any CPU
		{121F81F8-B7E5-4B1A-AC94-88F77DDB353A}.Debug|x64.Build.0 = Debug|Any CPU
		{121F81F8-B7E5-4B1A-AC94-88F77DDB353A}.Debug|x86.ActiveCfg = Debug|Any CPU
		{121F81F8-B7E5-4B1A-AC94-88F77DDB353A}.Debug|x86.Build.0 = Debug|Any CPU
		{121F81F8-B7E5-4B1A-AC94-88F77DDB353A}.Release|Any CPU.ActiveCfg = Release|Any CPU
		{121F81F8-B7E5-4B1A-AC94-88F77DDB353A}.Release|Any CPU.Build.0 = Release|Any CPU
		{121F81F8-B7E5-4B1A-AC94-88F77DDB353A}.Release|ARM.ActiveCfg = Release|Any CPU
		{121F81F8-B7E5-4B1A-AC94-88F77DDB353A}.Release|ARM.Build.0 = Release|Any CPU
		{121F81F8-B7E5-4B1A-AC94-88F77DDB353A}.Release|ARM64.ActiveCfg = Release|Any CPU
		{121F81F8-B7E5-4B1A-AC94-88F77DDB353A}.Release|ARM64.Build.0 = Release|Any CPU
		{121F81F8-B7E5-4B1A-AC94-88F77DDB353A}.Release|x64.ActiveCfg = Release|Any CPU
		{121F81F8-B7E5-4B1A-AC94-88F77DDB353A}.Release|x64.Build.0 = Release|Any CPU
		{121F81F8-B7E5-4B1A-AC94-88F77DDB353A}.Release|x86.ActiveCfg = Release|Any CPU
		{121F81F8-B7E5-4B1A-AC94-88F77DDB353A}.Release|x86.Build.0 = Release|Any CPU
		{ADBD8999-D357-483B-9777-BC0A77E1798C}.Debug|Any CPU.ActiveCfg = Debug|Any CPU
		{ADBD8999-D357-483B-9777-BC0A77E1798C}.Debug|Any CPU.Build.0 = Debug|Any CPU
		{ADBD8999-D357-483B-9777-BC0A77E1798C}.Debug|ARM.ActiveCfg = Debug|Any CPU
		{ADBD8999-D357-483B-9777-BC0A77E1798C}.Debug|ARM.Build.0 = Debug|Any CPU
		{ADBD8999-D357-483B-9777-BC0A77E1798C}.Debug|ARM64.ActiveCfg = Debug|Any CPU
		{ADBD8999-D357-483B-9777-BC0A77E1798C}.Debug|ARM64.Build.0 = Debug|Any CPU
		{ADBD8999-D357-483B-9777-BC0A77E1798C}.Debug|x64.ActiveCfg = Debug|Any CPU
		{ADBD8999-D357-483B-9777-BC0A77E1798C}.Debug|x64.Build.0 = Debug|Any CPU
		{ADBD8999-D357-483B-9777-BC0A77E1798C}.Debug|x86.ActiveCfg = Debug|Any CPU
		{ADBD8999-D357-483B-9777-BC0A77E1798C}.Debug|x86.Build.0 = Debug|Any CPU
		{ADBD8999-D357-483B-9777-BC0A77E1798C}.Release|Any CPU.ActiveCfg = Debug|Any CPU
		{ADBD8999-D357-483B-9777-BC0A77E1798C}.Release|Any CPU.Build.0 = Debug|Any CPU
		{ADBD8999-D357-483B-9777-BC0A77E1798C}.Release|ARM.ActiveCfg = Debug|Any CPU
		{ADBD8999-D357-483B-9777-BC0A77E1798C}.Release|ARM.Build.0 = Debug|Any CPU
		{ADBD8999-D357-483B-9777-BC0A77E1798C}.Release|ARM64.ActiveCfg = Debug|Any CPU
		{ADBD8999-D357-483B-9777-BC0A77E1798C}.Release|ARM64.Build.0 = Debug|Any CPU
		{ADBD8999-D357-483B-9777-BC0A77E1798C}.Release|x64.ActiveCfg = Debug|Any CPU
		{ADBD8999-D357-483B-9777-BC0A77E1798C}.Release|x64.Build.0 = Debug|Any CPU
		{ADBD8999-D357-483B-9777-BC0A77E1798C}.Release|x86.ActiveCfg = Debug|Any CPU
		{ADBD8999-D357-483B-9777-BC0A77E1798C}.Release|x86.Build.0 = Debug|Any CPU
		{E6E0884A-5F6D-4074-89B3-3BA10D602DA6}.Debug|Any CPU.ActiveCfg = Debug|Any CPU
		{E6E0884A-5F6D-4074-89B3-3BA10D602DA6}.Debug|Any CPU.Build.0 = Debug|Any CPU
		{E6E0884A-5F6D-4074-89B3-3BA10D602DA6}.Debug|ARM.ActiveCfg = Debug|Any CPU
		{E6E0884A-5F6D-4074-89B3-3BA10D602DA6}.Debug|ARM.Build.0 = Debug|Any CPU
		{E6E0884A-5F6D-4074-89B3-3BA10D602DA6}.Debug|ARM64.ActiveCfg = Debug|Any CPU
		{E6E0884A-5F6D-4074-89B3-3BA10D602DA6}.Debug|ARM64.Build.0 = Debug|Any CPU
		{E6E0884A-5F6D-4074-89B3-3BA10D602DA6}.Debug|x64.ActiveCfg = Debug|Any CPU
		{E6E0884A-5F6D-4074-89B3-3BA10D602DA6}.Debug|x64.Build.0 = Debug|Any CPU
		{E6E0884A-5F6D-4074-89B3-3BA10D602DA6}.Debug|x86.ActiveCfg = Debug|Any CPU
		{E6E0884A-5F6D-4074-89B3-3BA10D602DA6}.Debug|x86.Build.0 = Debug|Any CPU
		{E6E0884A-5F6D-4074-89B3-3BA10D602DA6}.Release|Any CPU.ActiveCfg = Release|Any CPU
		{E6E0884A-5F6D-4074-89B3-3BA10D602DA6}.Release|Any CPU.Build.0 = Release|Any CPU
		{E6E0884A-5F6D-4074-89B3-3BA10D602DA6}.Release|ARM.ActiveCfg = Release|Any CPU
		{E6E0884A-5F6D-4074-89B3-3BA10D602DA6}.Release|ARM.Build.0 = Release|Any CPU
		{E6E0884A-5F6D-4074-89B3-3BA10D602DA6}.Release|ARM64.ActiveCfg = Release|Any CPU
		{E6E0884A-5F6D-4074-89B3-3BA10D602DA6}.Release|ARM64.Build.0 = Release|Any CPU
		{E6E0884A-5F6D-4074-89B3-3BA10D602DA6}.Release|x64.ActiveCfg = Release|Any CPU
		{E6E0884A-5F6D-4074-89B3-3BA10D602DA6}.Release|x64.Build.0 = Release|Any CPU
		{E6E0884A-5F6D-4074-89B3-3BA10D602DA6}.Release|x86.ActiveCfg = Release|Any CPU
		{E6E0884A-5F6D-4074-89B3-3BA10D602DA6}.Release|x86.Build.0 = Release|Any CPU
	EndGlobalSection
	GlobalSection(SolutionProperties) = preSolution
		HideSolutionNode = FALSE
	EndGlobalSection
	GlobalSection(ExtensibilityGlobals) = postSolution
		SolutionGuid = {FC2C93DA-E179-488B-BADE-C811AAC3AF7D}
	EndGlobalSection
EndGlobal
