
Microsoft Visual Studio Solution File, Format Version 12.00
# Visual Studio 15
VisualStudioVersion = 15.0.28307.1145
MinimumVisualStudioVersion = 10.0.40219.1
Project("{FAE04EC0-301F-11D3-BF4B-00C04F79EFBC}") = "Asniclothes.Android", "Asniclothes\Asniclothes.Android\Asniclothes.Android.csproj", "{2D034035-0697-482E-AB6C-4C06DCB4955D}"
EndProject
Project("{FAE04EC0-301F-11D3-BF4B-00C04F79EFBC}") = "Asniclothes.iOS", "Asniclothes\Asniclothes.iOS\Asniclothes.iOS.csproj", "{68CB4DF4-8952-4A5A-890E-B52339FF834B}"
EndProject
Project("{FAE04EC0-301F-11D3-BF4B-00C04F79EFBC}") = "Asniclothes", "Asniclothes\Asniclothes\Asniclothes.csproj", "{93F4144E-1A74-45EE-A643-F56262929073}"
EndProject
Global
	GlobalSection(SolutionConfigurationPlatforms) = preSolution
		Ad-Hoc|Any CPU = Ad-Hoc|Any CPU
		Ad-Hoc|iPhone = Ad-Hoc|iPhone
		Ad-Hoc|iPhoneSimulator = Ad-Hoc|iPhoneSimulator
		AppStore|Any CPU = AppStore|Any CPU
		AppStore|iPhone = AppStore|iPhone
		AppStore|iPhoneSimulator = AppStore|iPhoneSimulator
		Debug|Any CPU = Debug|Any CPU
		Debug|iPhone = Debug|iPhone
		Debug|iPhoneSimulator = Debug|iPhoneSimulator
		Release|Any CPU = Release|Any CPU
		Release|iPhone = Release|iPhone
		Release|iPhoneSimulator = Release|iPhoneSimulator
	EndGlobalSection
	GlobalSection(ProjectConfigurationPlatforms) = postSolution
		{2D034035-0697-482E-AB6C-4C06DCB4955D}.Ad-Hoc|Any CPU.ActiveCfg = Release|Any CPU
		{2D034035-0697-482E-AB6C-4C06DCB4955D}.Ad-Hoc|Any CPU.Build.0 = Release|Any CPU
		{2D034035-0697-482E-AB6C-4C06DCB4955D}.Ad-Hoc|Any CPU.Deploy.0 = Release|Any CPU
		{2D034035-0697-482E-AB6C-4C06DCB4955D}.Ad-Hoc|iPhone.ActiveCfg = Release|Any CPU
		{2D034035-0697-482E-AB6C-4C06DCB4955D}.Ad-Hoc|iPhone.Build.0 = Release|Any CPU
		{2D034035-0697-482E-AB6C-4C06DCB4955D}.Ad-Hoc|iPhone.Deploy.0 = Release|Any CPU
		{2D034035-0697-482E-AB6C-4C06DCB4955D}.Ad-Hoc|iPhoneSimulator.ActiveCfg = Release|Any CPU
		{2D034035-0697-482E-AB6C-4C06DCB4955D}.Ad-Hoc|iPhoneSimulator.Build.0 = Release|Any CPU
		{2D034035-0697-482E-AB6C-4C06DCB4955D}.Ad-Hoc|iPhoneSimulator.Deploy.0 = Release|Any CPU
		{2D034035-0697-482E-AB6C-4C06DCB4955D}.AppStore|Any CPU.ActiveCfg = Release|Any CPU
		{2D034035-0697-482E-AB6C-4C06DCB4955D}.AppStore|Any CPU.Build.0 = Release|Any CPU
		{2D034035-0697-482E-AB6C-4C06DCB4955D}.AppStore|Any CPU.Deploy.0 = Release|Any CPU
		{2D034035-0697-482E-AB6C-4C06DCB4955D}.AppStore|iPhone.ActiveCfg = Release|Any CPU
		{2D034035-0697-482E-AB6C-4C06DCB4955D}.AppStore|iPhone.Build.0 = Release|Any CPU
		{2D034035-0697-482E-AB6C-4C06DCB4955D}.AppStore|iPhone.Deploy.0 = Release|Any CPU
		{2D034035-0697-482E-AB6C-4C06DCB4955D}.AppStore|iPhoneSimulator.ActiveCfg = Release|Any CPU
		{2D034035-0697-482E-AB6C-4C06DCB4955D}.AppStore|iPhoneSimulator.Build.0 = Release|Any CPU
		{2D034035-0697-482E-AB6C-4C06DCB4955D}.AppStore|iPhoneSimulator.Deploy.0 = Release|Any CPU
		{2D034035-0697-482E-AB6C-4C06DCB4955D}.Debug|Any CPU.ActiveCfg = Debug|Any CPU
		{2D034035-0697-482E-AB6C-4C06DCB4955D}.Debug|Any CPU.Build.0 = Debug|Any CPU
		{2D034035-0697-482E-AB6C-4C06DCB4955D}.Debug|Any CPU.Deploy.0 = Debug|Any CPU
		{2D034035-0697-482E-AB6C-4C06DCB4955D}.Debug|iPhone.ActiveCfg = Debug|Any CPU
		{2D034035-0697-482E-AB6C-4C06DCB4955D}.Debug|iPhone.Build.0 = Debug|Any CPU
		{2D034035-0697-482E-AB6C-4C06DCB4955D}.Debug|iPhone.Deploy.0 = Debug|Any CPU
		{2D034035-0697-482E-AB6C-4C06DCB4955D}.Debug|iPhoneSimulator.ActiveCfg = Debug|Any CPU
		{2D034035-0697-482E-AB6C-4C06DCB4955D}.Debug|iPhoneSimulator.Build.0 = Debug|Any CPU
		{2D034035-0697-482E-AB6C-4C06DCB4955D}.Debug|iPhoneSimulator.Deploy.0 = Debug|Any CPU
		{2D034035-0697-482E-AB6C-4C06DCB4955D}.Release|Any CPU.ActiveCfg = Release|Any CPU
		{2D034035-0697-482E-AB6C-4C06DCB4955D}.Release|Any CPU.Build.0 = Release|Any CPU
		{2D034035-0697-482E-AB6C-4C06DCB4955D}.Release|Any CPU.Deploy.0 = Release|Any CPU
		{2D034035-0697-482E-AB6C-4C06DCB4955D}.Release|iPhone.ActiveCfg = Release|Any CPU
		{2D034035-0697-482E-AB6C-4C06DCB4955D}.Release|iPhone.Build.0 = Release|Any CPU
		{2D034035-0697-482E-AB6C-4C06DCB4955D}.Release|iPhone.Deploy.0 = Release|Any CPU
		{2D034035-0697-482E-AB6C-4C06DCB4955D}.Release|iPhoneSimulator.ActiveCfg = Release|Any CPU
		{2D034035-0697-482E-AB6C-4C06DCB4955D}.Release|iPhoneSimulator.Build.0 = Release|Any CPU
		{2D034035-0697-482E-AB6C-4C06DCB4955D}.Release|iPhoneSimulator.Deploy.0 = Release|Any CPU
		{68CB4DF4-8952-4A5A-890E-B52339FF834B}.Ad-Hoc|Any CPU.ActiveCfg = Ad-Hoc|iPhone
		{68CB4DF4-8952-4A5A-890E-B52339FF834B}.Ad-Hoc|Any CPU.Build.0 = Ad-Hoc|iPhone
		{68CB4DF4-8952-4A5A-890E-B52339FF834B}.Ad-Hoc|Any CPU.Deploy.0 = Ad-Hoc|iPhone
		{68CB4DF4-8952-4A5A-890E-B52339FF834B}.Ad-Hoc|iPhone.ActiveCfg = Ad-Hoc|iPhone
		{68CB4DF4-8952-4A5A-890E-B52339FF834B}.Ad-Hoc|iPhone.Build.0 = Ad-Hoc|iPhone
		{68CB4DF4-8952-4A5A-890E-B52339FF834B}.Ad-Hoc|iPhone.Deploy.0 = Ad-Hoc|iPhone
		{68CB4DF4-8952-4A5A-890E-B52339FF834B}.Ad-Hoc|iPhoneSimulator.ActiveCfg = Ad-Hoc|iPhoneSimulator
		{68CB4DF4-8952-4A5A-890E-B52339FF834B}.Ad-Hoc|iPhoneSimulator.Build.0 = Ad-Hoc|iPhoneSimulator
		{68CB4DF4-8952-4A5A-890E-B52339FF834B}.Ad-Hoc|iPhoneSimulator.Deploy.0 = Ad-Hoc|iPhoneSimulator
		{68CB4DF4-8952-4A5A-890E-B52339FF834B}.AppStore|Any CPU.ActiveCfg = AppStore|iPhone
		{68CB4DF4-8952-4A5A-890E-B52339FF834B}.AppStore|Any CPU.Build.0 = AppStore|iPhone
		{68CB4DF4-8952-4A5A-890E-B52339FF834B}.AppStore|Any CPU.Deploy.0 = AppStore|iPhone
		{68CB4DF4-8952-4A5A-890E-B52339FF834B}.AppStore|iPhone.ActiveCfg = AppStore|iPhone
		{68CB4DF4-8952-4A5A-890E-B52339FF834B}.AppStore|iPhone.Build.0 = AppStore|iPhone
		{68CB4DF4-8952-4A5A-890E-B52339FF834B}.AppStore|iPhone.Deploy.0 = AppStore|iPhone
		{68CB4DF4-8952-4A5A-890E-B52339FF834B}.AppStore|iPhoneSimulator.ActiveCfg = AppStore|iPhoneSimulator
		{68CB4DF4-8952-4A5A-890E-B52339FF834B}.AppStore|iPhoneSimulator.Build.0 = AppStore|iPhoneSimulator
		{68CB4DF4-8952-4A5A-890E-B52339FF834B}.AppStore|iPhoneSimulator.Deploy.0 = AppStore|iPhoneSimulator
		{68CB4DF4-8952-4A5A-890E-B52339FF834B}.Debug|Any CPU.ActiveCfg = Debug|iPhoneSimulator
		{68CB4DF4-8952-4A5A-890E-B52339FF834B}.Debug|Any CPU.Build.0 = Debug|iPhoneSimulator
		{68CB4DF4-8952-4A5A-890E-B52339FF834B}.Debug|Any CPU.Deploy.0 = Debug|iPhoneSimulator
		{68CB4DF4-8952-4A5A-890E-B52339FF834B}.Debug|iPhone.ActiveCfg = Debug|iPhone
		{68CB4DF4-8952-4A5A-890E-B52339FF834B}.Debug|iPhone.Build.0 = Debug|iPhone
		{68CB4DF4-8952-4A5A-890E-B52339FF834B}.Debug|iPhone.Deploy.0 = Debug|iPhone
		{68CB4DF4-8952-4A5A-890E-B52339FF834B}.Debug|iPhoneSimulator.ActiveCfg = Debug|iPhoneSimulator
		{68CB4DF4-8952-4A5A-890E-B52339FF834B}.Debug|iPhoneSimulator.Build.0 = Debug|iPhoneSimulator
		{68CB4DF4-8952-4A5A-890E-B52339FF834B}.Debug|iPhoneSimulator.Deploy.0 = Debug|iPhoneSimulator
		{68CB4DF4-8952-4A5A-890E-B52339FF834B}.Release|Any CPU.ActiveCfg = Release|iPhone
		{68CB4DF4-8952-4A5A-890E-B52339FF834B}.Release|Any CPU.Build.0 = Release|iPhone
		{68CB4DF4-8952-4A5A-890E-B52339FF834B}.Release|Any CPU.Deploy.0 = Release|iPhone
		{68CB4DF4-8952-4A5A-890E-B52339FF834B}.Release|iPhone.ActiveCfg = Release|iPhone
		{68CB4DF4-8952-4A5A-890E-B52339FF834B}.Release|iPhone.Build.0 = Release|iPhone
		{68CB4DF4-8952-4A5A-890E-B52339FF834B}.Release|iPhone.Deploy.0 = Release|iPhone
		{68CB4DF4-8952-4A5A-890E-B52339FF834B}.Release|iPhoneSimulator.ActiveCfg = Release|iPhoneSimulator
		{68CB4DF4-8952-4A5A-890E-B52339FF834B}.Release|iPhoneSimulator.Build.0 = Release|iPhoneSimulator
		{68CB4DF4-8952-4A5A-890E-B52339FF834B}.Release|iPhoneSimulator.Deploy.0 = Release|iPhoneSimulator
		{93F4144E-1A74-45EE-A643-F56262929073}.Ad-Hoc|Any CPU.ActiveCfg = Debug|Any CPU
		{93F4144E-1A74-45EE-A643-F56262929073}.Ad-Hoc|Any CPU.Build.0 = Debug|Any CPU
		{93F4144E-1A74-45EE-A643-F56262929073}.Ad-Hoc|Any CPU.Deploy.0 = Debug|Any CPU
		{93F4144E-1A74-45EE-A643-F56262929073}.Ad-Hoc|iPhone.ActiveCfg = Debug|Any CPU
		{93F4144E-1A74-45EE-A643-F56262929073}.Ad-Hoc|iPhone.Build.0 = Debug|Any CPU
		{93F4144E-1A74-45EE-A643-F56262929073}.Ad-Hoc|iPhone.Deploy.0 = Debug|Any CPU
		{93F4144E-1A74-45EE-A643-F56262929073}.Ad-Hoc|iPhoneSimulator.ActiveCfg = Debug|Any CPU
		{93F4144E-1A74-45EE-A643-F56262929073}.Ad-Hoc|iPhoneSimulator.Build.0 = Debug|Any CPU
		{93F4144E-1A74-45EE-A643-F56262929073}.Ad-Hoc|iPhoneSimulator.Deploy.0 = Debug|Any CPU
		{93F4144E-1A74-45EE-A643-F56262929073}.AppStore|Any CPU.ActiveCfg = Debug|Any CPU
		{93F4144E-1A74-45EE-A643-F56262929073}.AppStore|Any CPU.Build.0 = Debug|Any CPU
		{93F4144E-1A74-45EE-A643-F56262929073}.AppStore|Any CPU.Deploy.0 = Debug|Any CPU
		{93F4144E-1A74-45EE-A643-F56262929073}.AppStore|iPhone.ActiveCfg = Debug|Any CPU
		{93F4144E-1A74-45EE-A643-F56262929073}.AppStore|iPhone.Build.0 = Debug|Any CPU
		{93F4144E-1A74-45EE-A643-F56262929073}.AppStore|iPhone.Deploy.0 = Debug|Any CPU
		{93F4144E-1A74-45EE-A643-F56262929073}.AppStore|iPhoneSimulator.ActiveCfg = Debug|Any CPU
		{93F4144E-1A74-45EE-A643-F56262929073}.AppStore|iPhoneSimulator.Build.0 = Debug|Any CPU
		{93F4144E-1A74-45EE-A643-F56262929073}.AppStore|iPhoneSimulator.Deploy.0 = Debug|Any CPU
		{93F4144E-1A74-45EE-A643-F56262929073}.Debug|Any CPU.ActiveCfg = Debug|Any CPU
		{93F4144E-1A74-45EE-A643-F56262929073}.Debug|Any CPU.Build.0 = Debug|Any CPU
		{93F4144E-1A74-45EE-A643-F56262929073}.Debug|Any CPU.Deploy.0 = Debug|Any CPU
		{93F4144E-1A74-45EE-A643-F56262929073}.Debug|iPhone.ActiveCfg = Debug|Any CPU
		{93F4144E-1A74-45EE-A643-F56262929073}.Debug|iPhone.Build.0 = Debug|Any CPU
		{93F4144E-1A74-45EE-A643-F56262929073}.Debug|iPhone.Deploy.0 = Debug|Any CPU
		{93F4144E-1A74-45EE-A643-F56262929073}.Debug|iPhoneSimulator.ActiveCfg = Debug|Any CPU
		{93F4144E-1A74-45EE-A643-F56262929073}.Debug|iPhoneSimulator.Build.0 = Debug|Any CPU
		{93F4144E-1A74-45EE-A643-F56262929073}.Debug|iPhoneSimulator.Deploy.0 = Debug|Any CPU
		{93F4144E-1A74-45EE-A643-F56262929073}.Release|Any CPU.ActiveCfg = Release|Any CPU
		{93F4144E-1A74-45EE-A643-F56262929073}.Release|Any CPU.Build.0 = Release|Any CPU
		{93F4144E-1A74-45EE-A643-F56262929073}.Release|Any CPU.Deploy.0 = Release|Any CPU
		{93F4144E-1A74-45EE-A643-F56262929073}.Release|iPhone.ActiveCfg = Release|Any CPU
		{93F4144E-1A74-45EE-A643-F56262929073}.Release|iPhone.Build.0 = Release|Any CPU
		{93F4144E-1A74-45EE-A643-F56262929073}.Release|iPhone.Deploy.0 = Release|Any CPU
		{93F4144E-1A74-45EE-A643-F56262929073}.Release|iPhoneSimulator.ActiveCfg = Release|Any CPU
		{93F4144E-1A74-45EE-A643-F56262929073}.Release|iPhoneSimulator.Build.0 = Release|Any CPU
		{93F4144E-1A74-45EE-A643-F56262929073}.Release|iPhoneSimulator.Deploy.0 = Release|Any CPU
	EndGlobalSection
	GlobalSection(SolutionProperties) = preSolution
		HideSolutionNode = FALSE
	EndGlobalSection
	GlobalSection(ExtensibilityGlobals) = postSolution
		SolutionGuid = {ADC051CE-FC41-4F04-9748-454B572DC713}
	EndGlobalSection
EndGlobal
